
Microsoft Visual Studio Solution File, Format Version 12.00
# Visual Studio Version 17
VisualStudioVersion = 17.0.31903.59
MinimumVisualStudioVersion = 10.0.40219.1
Project("{9A19103F-16F7-4668-BE54-9A1E7A4F7556}") = "ActAPI", "ActAPI\ActAPI.csproj", "{F80A6845-A764-4415-A499-ED776239C5A2}"
EndProject
Project("{FAE04EC0-301F-11D3-BF4B-00C04F79EFBC}") = "MathYouCan", "MathYouCan\MathYouCan.csproj", "{8AA3E549-118D-43D5-9209-78A11B7AB5F3}"
EndProject
Global
	GlobalSection(SolutionConfigurationPlatforms) = preSolution
		Debug|Any CPU = Debug|Any CPU
		Release|Any CPU = Release|Any CPU
	EndGlobalSection
	GlobalSection(ProjectConfigurationPlatforms) = postSolution
		{F80A6845-A764-4415-A499-ED776239C5A2}.Debug|Any CPU.ActiveCfg = Debug|Any CPU
		{F80A6845-A764-4415-A499-ED776239C5A2}.Debug|Any CPU.Build.0 = Debug|Any CPU
		{F80A6845-A764-4415-A499-ED776239C5A2}.Release|Any CPU.ActiveCfg = Release|Any CPU
		{F80A6845-A764-4415-A499-ED776239C5A2}.Release|Any CPU.Build.0 = Release|Any CPU
		{8AA3E549-118D-43D5-9209-78A11B7AB5F3}.Debug|Any CPU.ActiveCfg = Debug|Any CPU
		{8AA3E549-118D-43D5-9209-78A11B7AB5F3}.Debug|Any CPU.Build.0 = Debug|Any CPU
		{8AA3E549-118D-43D5-9209-78A11B7AB5F3}.Release|Any CPU.ActiveCfg = Release|Any CPU
		{8AA3E549-118D-43D5-9209-78A11B7AB5F3}.Release|Any CPU.Build.0 = Release|Any CPU
	EndGlobalSection
	GlobalSection(SolutionProperties) = preSolution
		HideSolutionNode = FALSE
	EndGlobalSection
	GlobalSection(ExtensibilityGlobals) = postSolution
		SolutionGuid = {04EF8970-14F8-4B53-A52A-33D9C1EC2B14}
	EndGlobalSection
EndGlobal
