
Microsoft Visual Studio Solution File, Format Version 12.00
# Visual Studio Version 17
VisualStudioVersion = 17.0.31903.59
MinimumVisualStudioVersion = 10.0.40219.1
Project("{FAE04EC0-301F-11D3-BF4B-00C04F79EFBC}") = "MathYouCan", "MathYouCan\MathYouCan.csproj", "{CC174D05-8340-46E3-8786-3D32A979ACC5}"
EndProject
Global
	GlobalSection(SolutionConfigurationPlatforms) = preSolution
		Debug|Any CPU = Debug|Any CPU
		Release|Any CPU = Release|Any CPU
	EndGlobalSection
	GlobalSection(ProjectConfigurationPlatforms) = postSolution
		{CC174D05-8340-46E3-8786-3D32A979ACC5}.Debug|Any CPU.ActiveCfg = Debug|Any CPU
		{CC174D05-8340-46E3-8786-3D32A979ACC5}.Debug|Any CPU.Build.0 = Debug|Any CPU
		{CC174D05-8340-46E3-8786-3D32A979ACC5}.Release|Any CPU.ActiveCfg = Release|Any CPU
		{CC174D05-8340-46E3-8786-3D32A979ACC5}.Release|Any CPU.Build.0 = Release|Any CPU
	EndGlobalSection
	GlobalSection(SolutionProperties) = preSolution
		HideSolutionNode = FALSE
	EndGlobalSection
	GlobalSection(ExtensibilityGlobals) = postSolution
		SolutionGuid = {04EF8970-14F8-4B53-A52A-33D9C1EC2B14}
	EndGlobalSection
EndGlobal
